// !$*UTF8*$!
{
	archiveVersion = 1;
	classes = {
	};
	objectVersion = 46;
	objects = {

/* Begin PBXBuildFile section */
		3CEDB3561B0CD015002C6F56 /* main.m in Sources */ = {isa = PBXBuildFile; fileRef = 3CEDB3551B0CD015002C6F56 /* main.m */; };
		3CEDB3591B0CD015002C6F56 /* AppDelegate.m in Sources */ = {isa = PBXBuildFile; fileRef = 3CEDB3581B0CD015002C6F56 /* AppDelegate.m */; };
		3CEDB35C1B0CD015002C6F56 /* ViewController.m in Sources */ = {isa = PBXBuildFile; fileRef = 3CEDB35B1B0CD015002C6F56 /* ViewController.m */; };
		3CEDB35F1B0CD015002C6F56 /* Main.storyboard in Resources */ = {isa = PBXBuildFile; fileRef = 3CEDB35D1B0CD015002C6F56 /* Main.storyboard */; };
		3CEDB3611B0CD015002C6F56 /* Images.xcassets in Resources */ = {isa = PBXBuildFile; fileRef = 3CEDB3601B0CD015002C6F56 /* Images.xcassets */; };
		3CEDB3641B0CD015002C6F56 /* LaunchScreen.xib in Resources */ = {isa = PBXBuildFile; fileRef = 3CEDB3621B0CD015002C6F56 /* LaunchScreen.xib */; };
		3CEDB3701B0CD015002C6F56 /* TableView2015520Tests.m in Sources */ = {isa = PBXBuildFile; fileRef = 3CEDB36F1B0CD015002C6F56 /* TableView2015520Tests.m */; };
/* End PBXBuildFile section */

/* Begin PBXContainerItemProxy section */
		3CEDB36A1B0CD015002C6F56 /* PBXContainerItemProxy */ = {
			isa = PBXContainerItemProxy;
			containerPortal = 3CEDB3481B0CD015002C6F56 /* Project object */;
			proxyType = 1;
			remoteGlobalIDString = 3CEDB34F1B0CD015002C6F56;
			remoteInfo = TableView2015520;
		};
/* End PBXContainerItemProxy section */

/* Begin PBXFileReference section */
		3CEDB3501B0CD015002C6F56 /* TableView2015520.app */ = {isa = PBXFileReference; explicitFileType = wrapper.application; includeInIndex = 0; path = TableView2015520.app; sourceTree = BUILT_PRODUCTS_DIR; };
		3CEDB3541B0CD015002C6F56 /* Info.plist */ = {isa = PBXFileReference; lastKnownFileType = text.plist.xml; path = Info.plist; sourceTree = "<group>"; };
		3CEDB3551B0CD015002C6F56 /* main.m */ = {isa = PBXFileReference; lastKnownFileType = sourcecode.c.objc; path = main.m; sourceTree = "<group>"; };
		3CEDB3571B0CD015002C6F56 /* AppDelegate.h */ = {isa = PBXFileReference; lastKnownFileType = sourcecode.c.h; path = AppDelegate.h; sourceTree = "<group>"; };
		3CEDB3581B0CD015002C6F56 /* AppDelegate.m */ = {isa = PBXFileReference; lastKnownFileType = sourcecode.c.objc; path = AppDelegate.m; sourceTree = "<group>"; };
		3CEDB35A1B0CD015002C6F56 /* ViewController.h */ = {isa = PBXFileReference; lastKnownFileType = sourcecode.c.h; path = ViewController.h; sourceTree = "<group>"; };
		3CEDB35B1B0CD015002C6F56 /* ViewController.m */ = {isa = PBXFileReference; lastKnownFileType = sourcecode.c.objc; path = ViewController.m; sourceTree = "<group>"; };
		3CEDB35E1B0CD015002C6F56 /* Base */ = {isa = PBXFileReference; lastKnownFileType = file.storyboard; name = Base; path = Base.lproj/Main.storyboard; sourceTree = "<group>"; };
		3CEDB3601B0CD015002C6F56 /* Images.xcassets */ = {isa = PBXFileReference; lastKnownFileType = folder.assetcatalog; path = Images.xcassets; sourceTree = "<group>"; };
		3CEDB3631B0CD015002C6F56 /* Base */ = {isa = PBXFileReference; lastKnownFileType = file.xib; name = Base; path = Base.lproj/LaunchScreen.xib; sourceTree = "<group>"; };
		3CEDB3691B0CD015002C6F56 /* TableView2015520Tests.xctest */ = {isa = PBXFileReference; explicitFileType = wrapper.cfbundle; includeInIndex = 0; path = TableView2015520Tests.xctest; sourceTree = BUILT_PRODUCTS_DIR; };
		3CEDB36E1B0CD015002C6F56 /* Info.plist */ = {isa = PBXFileReference; lastKnownFileType = text.plist.xml; path = Info.plist; sourceTree = "<group>"; };
		3CEDB36F1B0CD015002C6F56 /* TableView2015520Tests.m */ = {isa = PBXFileReference; lastKnownFileType = sourcecode.c.objc; path = TableView2015520Tests.m; sourceTree = "<group>"; };
/* End PBXFileReference section */

/* Begin PBXFrameworksBuildPhase section */
		3CEDB34D1B0CD015002C6F56 /* Frameworks */ = {
			isa = PBXFrameworksBuildPhase;
			buildActionMask = 2147483647;
			files = (
			);
			runOnlyForDeploymentPostprocessing = 0;
		};
		3CEDB3661B0CD015002C6F56 /* Frameworks */ = {
			isa = PBXFrameworksBuildPhase;
			buildActionMask = 2147483647;
			files = (
			);
			runOnlyForDeploymentPostprocessing = 0;
		};
/* End PBXFrameworksBuildPhase section */

/* Begin PBXGroup section */
		3CEDB3471B0CD015002C6F56 = {
			isa = PBXGroup;
			children = (
				3CEDB3521B0CD015002C6F56 /* TableView2015520 */,
				3CEDB36C1B0CD015002C6F56 /* TableView2015520Tests */,
				3CEDB3511B0CD015002C6F56 /* Products */,
			);
			sourceTree = "<group>";
		};
		3CEDB3511B0CD015002C6F56 /* Products */ = {
			isa = PBXGroup;
			children = (
				3CEDB3501B0CD015002C6F56 /* TableView2015520.app */,
				3CEDB3691B0CD015002C6F56 /* TableView2015520Tests.xctest */,
			);
			name = Products;
			sourceTree = "<group>";
		};
		3CEDB3521B0CD015002C6F56 /* TableView2015520 */ = {
			isa = PBXGroup;
			children = (
				3CEDB3571B0CD015002C6F56 /* AppDelegate.h */,
				3CEDB3581B0CD015002C6F56 /* AppDelegate.m */,
				3CEDB35A1B0CD015002C6F56 /* ViewController.h */,
				3CEDB35B1B0CD015002C6F56 /* ViewController.m */,
				3CEDB35D1B0CD015002C6F56 /* Main.storyboard */,
				3CEDB3601B0CD015002C6F56 /* Images.xcassets */,
				3CEDB3621B0CD015002C6F56 /* LaunchScreen.xib */,
				3CEDB3531B0CD015002C6F56 /* Supporting Files */,
			);
			path = TableView2015520;
			sourceTree = "<group>";
		};
		3CEDB3531B0CD015002C6F56 /* Supporting Files */ = {
			isa = PBXGroup;
			children = (
				3CEDB3541B0CD015002C6F56 /* Info.plist */,
				3CEDB3551B0CD015002C6F56 /* main.m */,
			);
			name = "Supporting Files";
			sourceTree = "<group>";
		};
		3CEDB36C1B0CD015002C6F56 /* TableView2015520Tests */ = {
			isa = PBXGroup;
			children = (
				3CEDB36F1B0CD015002C6F56 /* TableView2015520Tests.m */,
				3CEDB36D1B0CD015002C6F56 /* Supporting Files */,
			);
			path = TableView2015520Tests;
			sourceTree = "<group>";
		};
		3CEDB36D1B0CD015002C6F56 /* Supporting Files */ = {
			isa = PBXGroup;
			children = (
				3CEDB36E1B0CD015002C6F56 /* Info.plist */,
			);
			name = "Supporting Files";
			sourceTree = "<group>";
		};
/* End PBXGroup section */

/* Begin PBXNativeTarget section */
		3CEDB34F1B0CD015002C6F56 /* TableView2015520 */ = {
			isa = PBXNativeTarget;
			buildConfigurationList = 3CEDB3731B0CD015002C6F56 /* Build configuration list for PBXNativeTarget "TableView2015520" */;
			buildPhases = (
				3CEDB34C1B0CD015002C6F56 /* Sources */,
				3CEDB34D1B0CD015002C6F56 /* Frameworks */,
				3CEDB34E1B0CD015002C6F56 /* Resources */,
			);
			buildRules = (
			);
			dependencies = (
			);
			name = TableView2015520;
			productName = TableView2015520;
			productReference = 3CEDB3501B0CD015002C6F56 /* TableView2015520.app */;
			productType = "com.apple.product-type.application";
		};
		3CEDB3681B0CD015002C6F56 /* TableView2015520Tests */ = {
			isa = PBXNativeTarget;
			buildConfigurationList = 3CEDB3761B0CD015002C6F56 /* Build configuration list for PBXNativeTarget "TableView2015520Tests" */;
			buildPhases = (
				3CEDB3651B0CD015002C6F56 /* Sources */,
				3CEDB3661B0CD015002C6F56 /* Frameworks */,
				3CEDB3671B0CD015002C6F56 /* Resources */,
			);
			buildRules = (
			);
			dependencies = (
				3CEDB36B1B0CD015002C6F56 /* PBXTargetDependency */,
			);
			name = TableView2015520Tests;
			productName = TableView2015520Tests;
			productReference = 3CEDB3691B0CD015002C6F56 /* TableView2015520Tests.xctest */;
			productType = "com.apple.product-type.bundle.unit-test";
		};
/* End PBXNativeTarget section */

/* Begin PBXProject section */
		3CEDB3481B0CD015002C6F56 /* Project object */ = {
			isa = PBXProject;
			attributes = {
				LastUpgradeCheck = 0630;
				ORGANIZATIONNAME = juchuan;
				TargetAttributes = {
					3CEDB34F1B0CD015002C6F56 = {
						CreatedOnToolsVersion = 6.3.1;
					};
					3CEDB3681B0CD015002C6F56 = {
						CreatedOnToolsVersion = 6.3.1;
						TestTargetID = 3CEDB34F1B0CD015002C6F56;
					};
				};
			};
			buildConfigurationList = 3CEDB34B1B0CD015002C6F56 /* Build configuration list for PBXProject "TableView2015520" */;
			compatibilityVersion = "Xcode 3.2";
			developmentRegion = English;
			hasScannedForEncodings = 0;
			knownRegions = (
				en,
				Base,
			);
			mainGroup = 3CEDB3471B0CD015002C6F56;
			productRefGroup = 3CEDB3511B0CD015002C6F56 /* Products */;
			projectDirPath = "";
			projectRoot = "";
			targets = (
				3CEDB34F1B0CD015002C6F56 /* TableView2015520 */,
				3CEDB3681B0CD015002C6F56 /* TableView2015520Tests */,
			);
		};
/* End PBXProject section */

/* Begin PBXResourcesBuildPhase section */
		3CEDB34E1B0CD015002C6F56 /* Resources */ = {
			isa = PBXResourcesBuildPhase;
			buildActionMask = 2147483647;
			files = (
				3CEDB35F1B0CD015002C6F56 /* Main.storyboard in Resources */,
				3CEDB3641B0CD015002C6F56 /* LaunchScreen.xib in Resources */,
				3CEDB3611B0CD015002C6F56 /* Images.xcassets in Resources */,
			);
			runOnlyForDeploymentPostprocessing = 0;
		};
		3CEDB3671B0CD015002C6F56 /* Resources */ = {
			isa = PBXResourcesBuildPhase;
			buildActionMask = 2147483647;
			files = (
			);
			runOnlyForDeploymentPostprocessing = 0;
		};
/* End PBXResourcesBuildPhase section */

/* Begin PBXSourcesBuildPhase section */
		3CEDB34C1B0CD015002C6F56 /* Sources */ = {
			isa = PBXSourcesBuildPhase;
			buildActionMask = 2147483647;
			files = (
				3CEDB35C1B0CD015002C6F56 /* ViewController.m in Sources */,
				3CEDB3591B0CD015002C6F56 /* AppDelegate.m in Sources */,
				3CEDB3561B0CD015002C6F56 /* main.m in Sources */,
			);
			runOnlyForDeploymentPostprocessing = 0;
		};
		3CEDB3651B0CD015002C6F56 /* Sources */ = {
			isa = PBXSourcesBuildPhase;
			buildActionMask = 2147483647;
			files = (
				3CEDB3701B0CD015002C6F56 /* TableView2015520Tests.m in Sources */,
			);
			runOnlyForDeploymentPostprocessing = 0;
		};
/* End PBXSourcesBuildPhase section */

/* Begin PBXTargetDependency section */
		3CEDB36B1B0CD015002C6F56 /* PBXTargetDependency */ = {
			isa = PBXTargetDependency;
			target = 3CEDB34F1B0CD015002C6F56 /* TableView2015520 */;
			targetProxy = 3CEDB36A1B0CD015002C6F56 /* PBXContainerItemProxy */;
		};
/* End PBXTargetDependency section */

/* Begin PBXVariantGroup section */
		3CEDB35D1B0CD015002C6F56 /* Main.storyboard */ = {
			isa = PBXVariantGroup;
			children = (
				3CEDB35E1B0CD015002C6F56 /* Base */,
			);
			name = Main.storyboard;
			sourceTree = "<group>";
		};
		3CEDB3621B0CD015002C6F56 /* LaunchScreen.xib */ = {
			isa = PBXVariantGroup;
			children = (
				3CEDB3631B0CD015002C6F56 /* Base */,
			);
			name = LaunchScreen.xib;
			sourceTree = "<group>";
		};
/* End PBXVariantGroup section */

/* Begin XCBuildConfiguration section */
		3CEDB3711B0CD015002C6F56 /* Debug */ = {
			isa = XCBuildConfiguration;
			buildSettings = {
				ALWAYS_SEARCH_USER_PATHS = NO;
				CLANG_CXX_LANGUAGE_STANDARD = "gnu++0x";
				CLANG_CXX_LIBRARY = "libc++";
				CLANG_ENABLE_MODULES = YES;
				CLANG_ENABLE_OBJC_ARC = YES;
				CLANG_WARN_BOOL_CONVERSION = YES;
				CLANG_WARN_CONSTANT_CONVERSION = YES;
				CLANG_WARN_DIRECT_OBJC_ISA_USAGE = YES_ERROR;
				CLANG_WARN_EMPTY_BODY = YES;
				CLANG_WARN_ENUM_CONVERSION = YES;
				CLANG_WARN_INT_CONVERSION = YES;
				CLANG_WARN_OBJC_ROOT_CLASS = YES_ERROR;
				CLANG_WARN_UNREACHABLE_CODE = YES;
				CLANG_WARN__DUPLICATE_METHOD_MATCH = YES;
				"CODE_SIGN_IDENTITY[sdk=iphoneos*]" = "iPhone Developer";
				COPY_PHASE_STRIP = NO;
				DEBUG_INFORMATION_FORMAT = "dwarf-with-dsym";
				ENABLE_STRICT_OBJC_MSGSEND = YES;
				GCC_C_LANGUAGE_STANDARD = gnu99;
				GCC_DYNAMIC_NO_PIC = NO;
				GCC_NO_COMMON_BLOCKS = YES;
				GCC_OPTIMIZATION_LEVEL = 0;
				GCC_PREPROCESSOR_DEFINITIONS = (
					"DEBUG=1",
					"$(inherited)",
				);
				GCC_SYMBOLS_PRIVATE_EXTERN = NO;
				GCC_WARN_64_TO_32_BIT_CONVERSION = YES;
				GCC_WARN_ABOUT_RETURN_TYPE = YES_ERROR;
				GCC_WARN_UNDECLARED_SELECTOR = YES;
				GCC_WARN_UNINITIALIZED_AUTOS = YES_AGGRESSIVE;
				GCC_WARN_UNUSED_FUNCTION = YES;
				GCC_WARN_UNUSED_VARIABLE = YES;
				IPHONEOS_DEPLOYMENT_TARGET = 8.3;
				MTL_ENABLE_DEBUG_INFO = YES;
				ONLY_ACTIVE_ARCH = YES;
				SDKROOT = iphoneos;
			};
			name = Debug;
		};
		3CEDB3721B0CD015002C6F56 /* Release */ = {
			isa = XCBuildConfiguration;
			buildSettings = {
				ALWAYS_SEARCH_USER_PATHS = NO;
				CLANG_CXX_LANGUAGE_STANDARD = "gnu++0x";
				CLANG_CXX_LIBRARY = "libc++";
				CLANG_ENABLE_MODULES = YES;
				CLANG_ENABLE_OBJC_ARC = YES;
				CLANG_WARN_BOOL_CONVERSION = YES;
				CLANG_WARN_CONSTANT_CONVERSION = YES;
				CLANG_WARN_DIRECT_OBJC_ISA_USAGE = YES_ERROR;
				CLANG_WARN_EMPTY_BODY = YES;
				CLANG_WARN_ENUM_CONVERSION = YES;
				CLANG_WARN_INT_CONVERSION = YES;
				CLANG_WARN_OBJC_ROOT_CLASS = YES_ERROR;
				CLANG_WARN_UNREACHABLE_CODE = YES;
				CLANG_WARN__DUPLICATE_METHOD_MATCH = YES;
				"CODE_SIGN_IDENTITY[sdk=iphoneos*]" = "iPhone Developer";
				COPY_PHASE_STRIP = NO;
				DEBUG_INFORMATION_FORMAT = "dwarf-with-dsym";
				ENABLE_NS_ASSERTIONS = NO;
				ENABLE_STRICT_OBJC_MSGSEND = YES;
				GCC_C_LANGUAGE_STANDARD = gnu99;
				GCC_NO_COMMON_BLOCKS = YES;
				GCC_WARN_64_TO_32_BIT_CONVERSION = YES;
				GCC_WARN_ABOUT_RETURN_TYPE = YES_ERROR;
				GCC_WARN_UNDECLARED_SELECTOR = YES;
				GCC_WARN_UNINITIALIZED_AUTOS = YES_AGGRESSIVE;
				GCC_WARN_UNUSED_FUNCTION = YES;
				GCC_WARN_UNUSED_VARIABLE = YES;
				IPHONEOS_DEPLOYMENT_TARGET = 8.3;
				MTL_ENABLE_DEBUG_INFO = NO;
				SDKROOT = iphoneos;
				VALIDATE_PRODUCT = YES;
			};
			name = Release;
		};
		3CEDB3741B0CD015002C6F56 /* Debug */ = {
			isa = XCBuildConfiguration;
			buildSettings = {
				ASSETCATALOG_COMPILER_APPICON_NAME = AppIcon;
				INFOPLIST_FILE = TableView2015520/Info.plist;
				LD_RUNPATH_SEARCH_PATHS = "$(inherited) @executable_path/Frameworks";
				PRODUCT_NAME = "$(TARGET_NAME)";
			};
			name = Debug;
		};
		3CEDB3751B0CD015002C6F56 /* Release */ = {
			isa = XCBuildConfiguration;
			buildSettings = {
				ASSETCATALOG_COMPILER_APPICON_NAME = AppIcon;
				INFOPLIST_FILE = TableView2015520/Info.plist;
				LD_RUNPATH_SEARCH_PATHS = "$(inherited) @executable_path/Frameworks";
				PRODUCT_NAME = "$(TARGET_NAME)";
			};
			name = Release;
		};
		3CEDB3771B0CD015002C6F56 /* Debug */ = {
			isa = XCBuildConfiguration;
			buildSettings = {
				BUNDLE_LOADER = "$(TEST_HOST)";
				FRAMEWORK_SEARCH_PATHS = (
					"$(SDKROOT)/Developer/Library/Frameworks",
					"$(inherited)",
				);
				GCC_PREPROCESSOR_DEFINITIONS = (
					"DEBUG=1",
					"$(inherited)",
				);
				INFOPLIST_FILE = TableView2015520Tests/Info.plist;
				LD_RUNPATH_SEARCH_PATHS = "$(inherited) @executable_path/Frameworks @loader_path/Frameworks";
				PRODUCT_NAME = "$(TARGET_NAME)";
				TEST_HOST = "$(BUILT_PRODUCTS_DIR)/TableView2015520.app/TableView2015520";
			};
			name = Debug;
		};
		3CEDB3781B0CD015002C6F56 /* Release */ = {
			isa = XCBuildConfiguration;
			buildSettings = {
				BUNDLE_LOADER = "$(TEST_HOST)";
				FRAMEWORK_SEARCH_PATHS = (
					"$(SDKROOT)/Developer/Library/Frameworks",
					"$(inherited)",
				);
				INFOPLIST_FILE = TableView2015520Tests/Info.plist;
				LD_RUNPATH_SEARCH_PATHS = "$(inherited) @executable_path/Frameworks @loader_path/Frameworks";
				PRODUCT_NAME = "$(TARGET_NAME)";
				TEST_HOST = "$(BUILT_PRODUCTS_DIR)/TableView2015520.app/TableView2015520";
			};
			name = Release;
		};
/* End XCBuildConfiguration section */

/* Begin XCConfigurationList section */
		3CEDB34B1B0CD015002C6F56 /* Build configuration list for PBXProject "TableView2015520" */ = {
			isa = XCConfigurationList;
			buildConfigurations = (
				3CEDB3711B0CD015002C6F56 /* Debug */,
				3CEDB3721B0CD015002C6F56 /* Release */,
			);
			defaultConfigurationIsVisible = 0;
			defaultConfigurationName = Release;
		};
		3CEDB3731B0CD015002C6F56 /* Build configuration list for PBXNativeTarget "TableView2015520" */ = {
			isa = XCConfigurationList;
			buildConfigurations = (
				3CEDB3741B0CD015002C6F56 /* Debug */,
				3CEDB3751B0CD015002C6F56 /* Release */,
			);
			defaultConfigurationIsVisible = 0;
		};
		3CEDB3761B0CD015002C6F56 /* Build configuration list for PBXNativeTarget "TableView2015520Tests" */ = {
			isa = XCConfigurationList;
			buildConfigurations = (
				3CEDB3771B0CD015002C6F56 /* Debug */,
				3CEDB3781B0CD015002C6F56 /* Release */,
			);
			defaultConfigurationIsVisible = 0;
		};
/* End XCConfigurationList section */
	};
	rootObject = 3CEDB3481B0CD015002C6F56 /* Project object */;
}
